
Microsoft Visual Studio Solution File, Format Version 12.00
# Visual Studio 15
VisualStudioVersion = 15.0.28307.329
MinimumVisualStudioVersion = 10.0.40219.1
Project("{FAE04EC0-301F-11D3-BF4B-00C04F79EFBC}") = "carcalss", "carcalss\carcalss.csproj", "{6912934D-FFDB-4D40-8BD2-678F8F6543DE}"
EndProject
Global
	GlobalSection(SolutionConfigurationPlatforms) = preSolution
		Debug|Any CPU = Debug|Any CPU
		Release|Any CPU = Release|Any CPU
	EndGlobalSection
	GlobalSection(ProjectConfigurationPlatforms) = postSolution
		{6912934D-FFDB-4D40-8BD2-678F8F6543DE}.Debug|Any CPU.ActiveCfg = Debug|Any CPU
		{6912934D-FFDB-4D40-8BD2-678F8F6543DE}.Debug|Any CPU.Build.0 = Debug|Any CPU
		{6912934D-FFDB-4D40-8BD2-678F8F6543DE}.Release|Any CPU.ActiveCfg = Release|Any CPU
		{6912934D-FFDB-4D40-8BD2-678F8F6543DE}.Release|Any CPU.Build.0 = Release|Any CPU
	EndGlobalSection
	GlobalSection(SolutionProperties) = preSolution
		HideSolutionNode = FALSE
	EndGlobalSection
	GlobalSection(ExtensibilityGlobals) = postSolution
		SolutionGuid = {8B9D7C96-F367-411A-8E9E-C2E72C3B2B6E}
	EndGlobalSection
EndGlobal
